
Microsoft Visual Studio Solution File, Format Version 12.00
# Visual Studio 15
VisualStudioVersion = 15.0.26124.0
MinimumVisualStudioVersion = 15.0.26124.0
Project("{2150E333-8FDC-42A3-9474-1A3956D46DE8}") = "src", "src", "{492354BD-F2F2-4AF1-834A-CA6D0C8F1895}"
EndProject
Project("{FAE04EC0-301F-11D3-BF4B-00C04F79EFBC}") = "Fill", "src\Fill\Fill.csproj", "{1E6047AD-02F0-467C-AA91-C3F3D2B11F5F}"
EndProject
Project("{2150E333-8FDC-42A3-9474-1A3956D46DE8}") = "tests", "tests", "{FC098036-F953-4422-BD21-C5BE266E987B}"
EndProject
Project("{FAE04EC0-301F-11D3-BF4B-00C04F79EFBC}") = "Fill.Test", "tests\Fill.Test\Fill.Test.csproj", "{442C05D7-5702-422E-99B5-DCC148335BDD}"
EndProject
Global
	GlobalSection(SolutionConfigurationPlatforms) = preSolution
		Debug|Any CPU = Debug|Any CPU
		Debug|x64 = Debug|x64
		Debug|x86 = Debug|x86
		Release|Any CPU = Release|Any CPU
		Release|x64 = Release|x64
		Release|x86 = Release|x86
	EndGlobalSection
	GlobalSection(SolutionProperties) = preSolution
		HideSolutionNode = FALSE
	EndGlobalSection
	GlobalSection(ProjectConfigurationPlatforms) = postSolution
		{1E6047AD-02F0-467C-AA91-C3F3D2B11F5F}.Debug|Any CPU.ActiveCfg = Debug|Any CPU
		{1E6047AD-02F0-467C-AA91-C3F3D2B11F5F}.Debug|Any CPU.Build.0 = Debug|Any CPU
		{1E6047AD-02F0-467C-AA91-C3F3D2B11F5F}.Debug|x64.ActiveCfg = Debug|Any CPU
		{1E6047AD-02F0-467C-AA91-C3F3D2B11F5F}.Debug|x64.Build.0 = Debug|Any CPU
		{1E6047AD-02F0-467C-AA91-C3F3D2B11F5F}.Debug|x86.ActiveCfg = Debug|Any CPU
		{1E6047AD-02F0-467C-AA91-C3F3D2B11F5F}.Debug|x86.Build.0 = Debug|Any CPU
		{1E6047AD-02F0-467C-AA91-C3F3D2B11F5F}.Release|Any CPU.ActiveCfg = Release|Any CPU
		{1E6047AD-02F0-467C-AA91-C3F3D2B11F5F}.Release|Any CPU.Build.0 = Release|Any CPU
		{1E6047AD-02F0-467C-AA91-C3F3D2B11F5F}.Release|x64.ActiveCfg = Release|Any CPU
		{1E6047AD-02F0-467C-AA91-C3F3D2B11F5F}.Release|x64.Build.0 = Release|Any CPU
		{1E6047AD-02F0-467C-AA91-C3F3D2B11F5F}.Release|x86.ActiveCfg = Release|Any CPU
		{1E6047AD-02F0-467C-AA91-C3F3D2B11F5F}.Release|x86.Build.0 = Release|Any CPU
		{442C05D7-5702-422E-99B5-DCC148335BDD}.Debug|Any CPU.ActiveCfg = Debug|Any CPU
		{442C05D7-5702-422E-99B5-DCC148335BDD}.Debug|Any CPU.Build.0 = Debug|Any CPU
		{442C05D7-5702-422E-99B5-DCC148335BDD}.Debug|x64.ActiveCfg = Debug|Any CPU
		{442C05D7-5702-422E-99B5-DCC148335BDD}.Debug|x64.Build.0 = Debug|Any CPU
		{442C05D7-5702-422E-99B5-DCC148335BDD}.Debug|x86.ActiveCfg = Debug|Any CPU
		{442C05D7-5702-422E-99B5-DCC148335BDD}.Debug|x86.Build.0 = Debug|Any CPU
		{442C05D7-5702-422E-99B5-DCC148335BDD}.Release|Any CPU.ActiveCfg = Release|Any CPU
		{442C05D7-5702-422E-99B5-DCC148335BDD}.Release|Any CPU.Build.0 = Release|Any CPU
		{442C05D7-5702-422E-99B5-DCC148335BDD}.Release|x64.ActiveCfg = Release|Any CPU
		{442C05D7-5702-422E-99B5-DCC148335BDD}.Release|x64.Build.0 = Release|Any CPU
		{442C05D7-5702-422E-99B5-DCC148335BDD}.Release|x86.ActiveCfg = Release|Any CPU
		{442C05D7-5702-422E-99B5-DCC148335BDD}.Release|x86.Build.0 = Release|Any CPU
	EndGlobalSection
	GlobalSection(NestedProjects) = preSolution
		{1E6047AD-02F0-467C-AA91-C3F3D2B11F5F} = {492354BD-F2F2-4AF1-834A-CA6D0C8F1895}
		{442C05D7-5702-422E-99B5-DCC148335BDD} = {FC098036-F953-4422-BD21-C5BE266E987B}
	EndGlobalSection
EndGlobal
